{
  "name": "crm",
  "version": "1.0.0",
  "lockfileVersion": 2,
  "requires": true,
  "packages": {
    "": {
      "version": "1.0.0",
      "license": "ISC",
      "dependencies": {
        "@fortawesome/fontawesome-free": "^5.15.4",
        "@fullcalendar/core": "^5.10.1",
        "@fullcalendar/daygrid": "^5.10.1",
        "@fullcalendar/list": "^5.10.1",
        "@fullcalendar/timegrid": "^5.10.1",
        "@popperjs/core": "^2.10.1",
        "animate.css": "^4.1.1",
        "bootstrap": "^5.1.0",
        "bootstrap-show-modal": "^3.0.4",
        "css.gg": "^2.0.0",
        "dist": "^0.1.2",
        "jquery": "^3.6.0",
        "jquery-ui": "^1.12.1",
        "jquery-validation": "^1.19.3",
        "remixicon": "^2.5.0",
        "select2-bootstrap-5-theme": "^1.2.0",
        "sweetalert2": "^11.4.0",
        "tui-calendar": "^1.15.3"
      }
    },
    "node_modules/@fortawesome/fontawesome-free": {
      "version": "5.15.4",
      "resolved": "https://registry.npmjs.org/@fortawesome/fontawesome-free/-/fontawesome-free-5.15.4.tgz",
      "integrity": "sha512-eYm8vijH/hpzr/6/1CJ/V/Eb1xQFW2nnUKArb3z+yUWv7HTwj6M7SP957oMjfZjAHU6qpoNc2wQvIxBLWYa/Jg==",
      "engines": {
        "node": ">=6"
      }
    },
    "node_modules/@fullcalendar/common": {
      "version": "5.10.1",
      "resolved": "https://registry.npmjs.org/@fullcalendar/common/-/common-5.10.1.tgz",
      "integrity": "sha512-EumKIJcQTvQdTs75/9dmeREFgjcRVWzqHJS1Xvlz5mNsmB+w9EINCHETRjChtAQg1WD/lTQyVj4sHsKO7vCMSw==",
      "dependencies": {
        "tslib": "^2.1.0"
      }
    },
    "node_modules/@fullcalendar/core": {
      "version": "5.10.1",
      "resolved": "https://registry.npmjs.org/@fullcalendar/core/-/core-5.10.1.tgz",
      "integrity": "sha512-8sVuC6ywXV+cxqsqTZaR1hgUqeyjVed20NyZ7lGW9AY0kma1GIEwLgqPS5Q6uVhHyin68lmgecKfJCwhxENE8w==",
      "dependencies": {
        "@fullcalendar/common": "~5.10.1",
        "preact": "^10.0.5",
        "tslib": "^2.1.0"
      }
    },
    "node_modules/@fullcalendar/daygrid": {
      "version": "5.10.1",
      "resolved": "https://registry.npmjs.org/@fullcalendar/daygrid/-/daygrid-5.10.1.tgz",
      "integrity": "sha512-sfUMP+rew0krsBffgNcWWKhBCiyytGfRKZJoc64E8ohX7VWjPcPZuB1xgO5U4wPLmNkT0rZiHoGeQGTXw1+ZKg==",
      "dependencies": {
        "@fullcalendar/common": "~5.10.1",
        "tslib": "^2.1.0"
      }
    },
    "node_modules/@fullcalendar/list": {
      "version": "5.10.1",
      "resolved": "https://registry.npmjs.org/@fullcalendar/list/-/list-5.10.1.tgz",
      "integrity": "sha512-sB+AzM9P1nzGIzwVFNN8Zbocg5lkVQftyuJAZtULgu9o9e1rH/Aqsxt9Itf00N3WmMOh8H1LlnRpZF5kGu/j2w==",
      "dependencies": {
        "@fullcalendar/common": "~5.10.1",
        "tslib": "^2.1.0"
      }
    },
    "node_modules/@fullcalendar/timegrid": {
      "version": "5.10.1",
      "resolved": "https://registry.npmjs.org/@fullcalendar/timegrid/-/timegrid-5.10.1.tgz",
      "integrity": "sha512-0O0m+JzFBlg8gxYr/rIjZViRlbndCtjZlDjjIylQHFBeWC32e3cpHEavKGbTIBLN8SDilUYAJnE21abSqC2G/w==",
      "dependencies": {
        "@fullcalendar/common": "~5.10.1",
        "@fullcalendar/daygrid": "~5.10.1",
        "tslib": "^2.1.0"
      }
    },
    "node_modules/@popperjs/core": {
      "version": "2.10.1",
      "resolved": "https://registry.npmjs.org/@popperjs/core/-/core-2.10.1.tgz",
      "integrity": "sha512-HnUhk1Sy9IuKrxEMdIRCxpIqPw6BFsbYSEUO9p/hNw5sMld/+3OLMWQP80F8/db9qsv3qUjs7ZR5bS/R+iinXw=="
    },
    "node_modules/animate.css": {
      "version": "4.1.1",
      "resolved": "https://registry.npmjs.org/animate.css/-/animate.css-4.1.1.tgz",
      "integrity": "sha512-+mRmCTv6SbCmtYJCN4faJMNFVNN5EuCTTprDTAo7YzIGji2KADmakjVA3+8mVDkZ2Bf09vayB35lSQIex2+QaQ=="
    },
    "node_modules/bootstrap": {
      "version": "5.1.0",
      "resolved": "https://registry.npmjs.org/bootstrap/-/bootstrap-5.1.0.tgz",
      "integrity": "sha512-bs74WNI9BgBo3cEovmdMHikSKoXnDgA6VQjJ7TyTotU6L7d41ZyCEEelPwkYEzsG/Zjv3ie9IE3EMAje0W9Xew=="
    },
    "node_modules/bootstrap-show-modal": {
      "version": "3.0.4",
      "resolved": "https://registry.npmjs.org/bootstrap-show-modal/-/bootstrap-show-modal-3.0.4.tgz",
      "integrity": "sha512-N6ouOrOpUOG1UQShum2YA/TkUxIkt6EkOYabFPbDaI06+sratcm693gDpbkH2VbhhO0aYJQM8uLh/4nneBuw2Q=="
    },
    "node_modules/css.gg": {
      "version": "2.0.0",
      "resolved": "https://registry.npmjs.org/css.gg/-/css.gg-2.0.0.tgz",
      "integrity": "sha512-8qO59kSXLbewo7xaUM4eC8328MTdGmb8atpmw6PRzeDGsZrCkAVjJzKeFDIntagl1/aCee+NG1OQtIvWAjgG/A=="
    },
    "node_modules/dist": {
      "version": "0.1.2",
      "resolved": "https://registry.npmjs.org/dist/-/dist-0.1.2.tgz",
      "integrity": "sha1-iJhinMJRKX420TVKmpWYYZq6Wxo=",
      "dependencies": {
        "filesize": "~1.6.6",
        "optimist": "~0.3.5",
        "uglify-js": "~1.3.4"
      },
      "bin": {
        "dist": "bin/dist.js"
      }
    },
    "node_modules/dompurify": {
      "version": "2.3.6",
      "resolved": "https://registry.npmjs.org/dompurify/-/dompurify-2.3.6.tgz",
      "integrity": "sha512-OFP2u/3T1R5CEgWCEONuJ1a5+MFKnOYpkywpUSxv/dj1LeBT1erK+JwM7zK0ROy2BRhqVCf0LRw/kHqKuMkVGg=="
    },
    "node_modules/filesize": {
      "version": "1.6.7",
      "resolved": "https://registry.npmjs.org/filesize/-/filesize-1.6.7.tgz",
      "integrity": "sha1-DQrPJoUeKnM5/8RayH48Lt/w6W4=",
      "engines": {
        "node": ">= 0.6.0"
      }
    },
    "node_modules/jquery": {
      "version": "3.6.0",
      "resolved": "https://registry.npmjs.org/jquery/-/jquery-3.6.0.tgz",
      "integrity": "sha512-JVzAR/AjBvVt2BmYhxRCSYysDsPcssdmTFnzyLEts9qNwmjmu4JTAMYubEfwVOSwpQ1I1sKKFcxhZCI2buerfw=="
    },
    "node_modules/jquery-ui": {
      "version": "1.12.1",
      "resolved": "https://registry.npmjs.org/jquery-ui/-/jquery-ui-1.12.1.tgz",
      "integrity": "sha1-vLQEXI3QU5wTS8FIjN0+dop6nlE="
    },
    "node_modules/jquery-validation": {
      "version": "1.19.3",
      "resolved": "https://registry.npmjs.org/jquery-validation/-/jquery-validation-1.19.3.tgz",
      "integrity": "sha512-iXxCS5W7STthSTMFX/NDZfWHBLbJ1behVK3eAgHXAV8/0vRa9M4tiqHvJMr39VGWHMGdlkhrtrkBuaL2UlE8yw=="
    },
    "node_modules/optimist": {
      "version": "0.3.7",
      "resolved": "https://registry.npmjs.org/optimist/-/optimist-0.3.7.tgz",
      "integrity": "sha1-yQlBrVnkJzMokjB00s8ufLxuwNk=",
      "dependencies": {
        "wordwrap": "~0.0.2"
      }
    },
    "node_modules/preact": {
      "version": "10.6.6",
      "resolved": "https://registry.npmjs.org/preact/-/preact-10.6.6.tgz",
      "integrity": "sha512-dgxpTFV2vs4vizwKohYKkk7g7rmp1wOOcfd4Tz3IB3Wi+ivZzsn/SpeKJhRENSE+n8sUfsAl4S3HiCVT923ABw==",
      "funding": {
        "type": "opencollective",
        "url": "https://opencollective.com/preact"
      }
    },
    "node_modules/remixicon": {
      "version": "2.5.0",
      "resolved": "https://registry.npmjs.org/remixicon/-/remixicon-2.5.0.tgz",
      "integrity": "sha512-q54ra2QutYDZpuSnFjmeagmEiN9IMo56/zz5dDNitzKD23oFRw77cWo4TsrAdmdkPiEn8mxlrTqxnkujDbEGww=="
    },
    "node_modules/select2-bootstrap-5-theme": {
      "version": "1.2.0",
      "resolved": "https://registry.npmjs.org/select2-bootstrap-5-theme/-/select2-bootstrap-5-theme-1.2.0.tgz",
      "integrity": "sha512-ia8yvInGTU9XntLQM1+ByGNA+nY2LPqgdB4XA/D766gihZjRpPJlum2eXbg/ur4q+H5hAnoCkY5TcFcX3DseKg==",
      "dependencies": {
        "bootstrap": "^5.0.2"
      }
    },
    "node_modules/sweetalert2": {
      "version": "11.4.0",
      "resolved": "https://registry.npmjs.org/sweetalert2/-/sweetalert2-11.4.0.tgz",
      "integrity": "sha512-+p0jT2LxUQGreWa60j7nm1frJfqbcmamZcpZi4puEGAJ0CmyPqQ4UGmBqbB4WxkJYKsn8qcOA9ufqn0MWtQWLQ==",
      "funding": {
        "url": "https://sweetalert2.github.io/#donations"
      }
    },
    "node_modules/tslib": {
      "version": "2.3.1",
      "resolved": "https://registry.npmjs.org/tslib/-/tslib-2.3.1.tgz",
      "integrity": "sha512-77EbyPPpMz+FRFRuAFlWMtmgUWGe9UOG2Z25NqCwiIjRhOf5iKGuzSe5P2w1laq+FkRy4p+PCuVkJSGkzTEKVw=="
    },
    "node_modules/tui-calendar": {
      "version": "1.15.3",
      "resolved": "https://registry.npmjs.org/tui-calendar/-/tui-calendar-1.15.3.tgz",
      "integrity": "sha512-S+QxtSPunLUNIX/eHoHcBB9XlPVT15Wh6ItR62n5K/Gq3WeSQdyhdbsuZJYV9z75bgJbFzp6x32v2yEPm6iWrg==",
      "dependencies": {
        "dompurify": "^2.3.1",
        "tui-code-snippet": "^1.5.0",
        "tui-date-picker": "^4.3.0",
        "tui-time-picker": "^2.1.4"
      }
    },
    "node_modules/tui-code-snippet": {
      "version": "1.5.2",
      "resolved": "https://registry.npmjs.org/tui-code-snippet/-/tui-code-snippet-1.5.2.tgz",
      "integrity": "sha512-6UqTlQaaC1KLcmC0HAoq5dtl1G4Fib+R+NC7pmaV7kiIlZ7JqKhUmnOoGRcreAyzd81UTK/vCvhrw9QJskpCFQ=="
    },
    "node_modules/tui-date-picker": {
      "version": "4.3.1",
      "resolved": "https://registry.npmjs.org/tui-date-picker/-/tui-date-picker-4.3.1.tgz",
      "integrity": "sha512-LMXdiM6cXau4NVw3/1T4ltaLk2PZAn2RbRtVUPN30Zg905t9Ab+OJ8EgeEgLVW9osvLuO9raW63l7YwiT50v6Q==",
      "dependencies": {
        "tui-time-picker": "^2.1.3"
      }
    },
    "node_modules/tui-time-picker": {
      "version": "2.1.4",
      "resolved": "https://registry.npmjs.org/tui-time-picker/-/tui-time-picker-2.1.4.tgz",
      "integrity": "sha512-gqCasZgniE8slP83h3pUnSXyVWBBi7T+9gi0+RxB6ld6l2hgPuVax8o82ysz02pvQ5bEkfPP3sG1caeU+iH0Sw=="
    },
    "node_modules/uglify-js": {
      "version": "1.3.5",
      "resolved": "https://registry.npmjs.org/uglify-js/-/uglify-js-1.3.5.tgz",
      "integrity": "sha1-S1v/+Rhu/7qoiOTJ6UvZ/EyUkp0=",
      "bin": {
        "uglifyjs": "bin/uglifyjs"
      }
    },
    "node_modules/wordwrap": {
      "version": "0.0.3",
      "resolved": "https://registry.npmjs.org/wordwrap/-/wordwrap-0.0.3.tgz",
      "integrity": "sha1-o9XabNXAvAAI03I0u68b7WMFkQc=",
      "engines": {
        "node": ">=0.4.0"
      }
    }
  },
  "dependencies": {
    "@fortawesome/fontawesome-free": {
      "version": "5.15.4",
      "resolved": "https://registry.npmjs.org/@fortawesome/fontawesome-free/-/fontawesome-free-5.15.4.tgz",
      "integrity": "sha512-eYm8vijH/hpzr/6/1CJ/V/Eb1xQFW2nnUKArb3z+yUWv7HTwj6M7SP957oMjfZjAHU6qpoNc2wQvIxBLWYa/Jg=="
    },
    "@fullcalendar/common": {
      "version": "5.10.1",
      "resolved": "https://registry.npmjs.org/@fullcalendar/common/-/common-5.10.1.tgz",
      "integrity": "sha512-EumKIJcQTvQdTs75/9dmeREFgjcRVWzqHJS1Xvlz5mNsmB+w9EINCHETRjChtAQg1WD/lTQyVj4sHsKO7vCMSw==",
      "requires": {
        "tslib": "^2.1.0"
      }
    },
    "@fullcalendar/core": {
      "version": "5.10.1",
      "resolved": "https://registry.npmjs.org/@fullcalendar/core/-/core-5.10.1.tgz",
      "integrity": "sha512-8sVuC6ywXV+cxqsqTZaR1hgUqeyjVed20NyZ7lGW9AY0kma1GIEwLgqPS5Q6uVhHyin68lmgecKfJCwhxENE8w==",
      "requires": {
        "@fullcalendar/common": "~5.10.1",
        "preact": "^10.0.5",
        "tslib": "^2.1.0"
      }
    },
    "@fullcalendar/daygrid": {
      "version": "5.10.1",
      "resolved": "https://registry.npmjs.org/@fullcalendar/daygrid/-/daygrid-5.10.1.tgz",
      "integrity": "sha512-sfUMP+rew0krsBffgNcWWKhBCiyytGfRKZJoc64E8ohX7VWjPcPZuB1xgO5U4wPLmNkT0rZiHoGeQGTXw1+ZKg==",
      "requires": {
        "@fullcalendar/common": "~5.10.1",
        "tslib": "^2.1.0"
      }
    },
    "@fullcalendar/list": {
      "version": "5.10.1",
      "resolved": "https://registry.npmjs.org/@fullcalendar/list/-/list-5.10.1.tgz",
      "integrity": "sha512-sB+AzM9P1nzGIzwVFNN8Zbocg5lkVQftyuJAZtULgu9o9e1rH/Aqsxt9Itf00N3WmMOh8H1LlnRpZF5kGu/j2w==",
      "requires": {
        "@fullcalendar/common": "~5.10.1",
        "tslib": "^2.1.0"
      }
    },
    "@fullcalendar/timegrid": {
      "version": "5.10.1",
      "resolved": "https://registry.npmjs.org/@fullcalendar/timegrid/-/timegrid-5.10.1.tgz",
      "integrity": "sha512-0O0m+JzFBlg8gxYr/rIjZViRlbndCtjZlDjjIylQHFBeWC32e3cpHEavKGbTIBLN8SDilUYAJnE21abSqC2G/w==",
      "requires": {
        "@fullcalendar/common": "~5.10.1",
        "@fullcalendar/daygrid": "~5.10.1",
        "tslib": "^2.1.0"
      }
    },
    "@popperjs/core": {
      "version": "2.10.1",
      "resolved": "https://registry.npmjs.org/@popperjs/core/-/core-2.10.1.tgz",
      "integrity": "sha512-HnUhk1Sy9IuKrxEMdIRCxpIqPw6BFsbYSEUO9p/hNw5sMld/+3OLMWQP80F8/db9qsv3qUjs7ZR5bS/R+iinXw=="
    },
    "animate.css": {
      "version": "4.1.1",
      "resolved": "https://registry.npmjs.org/animate.css/-/animate.css-4.1.1.tgz",
      "integrity": "sha512-+mRmCTv6SbCmtYJCN4faJMNFVNN5EuCTTprDTAo7YzIGji2KADmakjVA3+8mVDkZ2Bf09vayB35lSQIex2+QaQ=="
    },
    "bootstrap": {
      "version": "5.1.0",
      "resolved": "https://registry.npmjs.org/bootstrap/-/bootstrap-5.1.0.tgz",
      "integrity": "sha512-bs74WNI9BgBo3cEovmdMHikSKoXnDgA6VQjJ7TyTotU6L7d41ZyCEEelPwkYEzsG/Zjv3ie9IE3EMAje0W9Xew=="
    },
    "bootstrap-show-modal": {
      "version": "3.0.4",
      "resolved": "https://registry.npmjs.org/bootstrap-show-modal/-/bootstrap-show-modal-3.0.4.tgz",
      "integrity": "sha512-N6ouOrOpUOG1UQShum2YA/TkUxIkt6EkOYabFPbDaI06+sratcm693gDpbkH2VbhhO0aYJQM8uLh/4nneBuw2Q=="
    },
    "css.gg": {
      "version": "2.0.0",
      "resolved": "https://registry.npmjs.org/css.gg/-/css.gg-2.0.0.tgz",
      "integrity": "sha512-8qO59kSXLbewo7xaUM4eC8328MTdGmb8atpmw6PRzeDGsZrCkAVjJzKeFDIntagl1/aCee+NG1OQtIvWAjgG/A=="
    },
    "dist": {
      "version": "0.1.2",
      "resolved": "https://registry.npmjs.org/dist/-/dist-0.1.2.tgz",
      "integrity": "sha1-iJhinMJRKX420TVKmpWYYZq6Wxo=",
      "requires": {
        "filesize": "~1.6.6",
        "optimist": "~0.3.5",
        "uglify-js": "~1.3.4"
      }
    },
    "dompurify": {
      "version": "2.3.6",
      "resolved": "https://registry.npmjs.org/dompurify/-/dompurify-2.3.6.tgz",
      "integrity": "sha512-OFP2u/3T1R5CEgWCEONuJ1a5+MFKnOYpkywpUSxv/dj1LeBT1erK+JwM7zK0ROy2BRhqVCf0LRw/kHqKuMkVGg=="
    },
    "filesize": {
      "version": "1.6.7",
      "resolved": "https://registry.npmjs.org/filesize/-/filesize-1.6.7.tgz",
      "integrity": "sha1-DQrPJoUeKnM5/8RayH48Lt/w6W4="
    },
    "jquery": {
      "version": "3.6.0",
      "resolved": "https://registry.npmjs.org/jquery/-/jquery-3.6.0.tgz",
      "integrity": "sha512-JVzAR/AjBvVt2BmYhxRCSYysDsPcssdmTFnzyLEts9qNwmjmu4JTAMYubEfwVOSwpQ1I1sKKFcxhZCI2buerfw=="
    },
    "jquery-ui": {
      "version": "1.12.1",
      "resolved": "https://registry.npmjs.org/jquery-ui/-/jquery-ui-1.12.1.tgz",
      "integrity": "sha1-vLQEXI3QU5wTS8FIjN0+dop6nlE="
    },
    "jquery-validation": {
      "version": "1.19.3",
      "resolved": "https://registry.npmjs.org/jquery-validation/-/jquery-validation-1.19.3.tgz",
      "integrity": "sha512-iXxCS5W7STthSTMFX/NDZfWHBLbJ1behVK3eAgHXAV8/0vRa9M4tiqHvJMr39VGWHMGdlkhrtrkBuaL2UlE8yw=="
    },
    "optimist": {
      "version": "0.3.7",
      "resolved": "https://registry.npmjs.org/optimist/-/optimist-0.3.7.tgz",
      "integrity": "sha1-yQlBrVnkJzMokjB00s8ufLxuwNk=",
      "requires": {
        "wordwrap": "~0.0.2"
      }
    },
    "preact": {
      "version": "10.6.6",
      "resolved": "https://registry.npmjs.org/preact/-/preact-10.6.6.tgz",
      "integrity": "sha512-dgxpTFV2vs4vizwKohYKkk7g7rmp1wOOcfd4Tz3IB3Wi+ivZzsn/SpeKJhRENSE+n8sUfsAl4S3HiCVT923ABw=="
    },
    "remixicon": {
      "version": "2.5.0",
      "resolved": "https://registry.npmjs.org/remixicon/-/remixicon-2.5.0.tgz",
      "integrity": "sha512-q54ra2QutYDZpuSnFjmeagmEiN9IMo56/zz5dDNitzKD23oFRw77cWo4TsrAdmdkPiEn8mxlrTqxnkujDbEGww=="
    },
    "select2-bootstrap-5-theme": {
      "version": "1.2.0",
      "resolved": "https://registry.npmjs.org/select2-bootstrap-5-theme/-/select2-bootstrap-5-theme-1.2.0.tgz",
      "integrity": "sha512-ia8yvInGTU9XntLQM1+ByGNA+nY2LPqgdB4XA/D766gihZjRpPJlum2eXbg/ur4q+H5hAnoCkY5TcFcX3DseKg==",
      "requires": {
        "bootstrap": "^5.0.2"
      }
    },
    "sweetalert2": {
      "version": "11.4.0",
      "resolved": "https://registry.npmjs.org/sweetalert2/-/sweetalert2-11.4.0.tgz",
      "integrity": "sha512-+p0jT2LxUQGreWa60j7nm1frJfqbcmamZcpZi4puEGAJ0CmyPqQ4UGmBqbB4WxkJYKsn8qcOA9ufqn0MWtQWLQ=="
    },
    "tslib": {
      "version": "2.3.1",
      "resolved": "https://registry.npmjs.org/tslib/-/tslib-2.3.1.tgz",
      "integrity": "sha512-77EbyPPpMz+FRFRuAFlWMtmgUWGe9UOG2Z25NqCwiIjRhOf5iKGuzSe5P2w1laq+FkRy4p+PCuVkJSGkzTEKVw=="
    },
    "tui-calendar": {
      "version": "1.15.3",
      "resolved": "https://registry.npmjs.org/tui-calendar/-/tui-calendar-1.15.3.tgz",
      "integrity": "sha512-S+QxtSPunLUNIX/eHoHcBB9XlPVT15Wh6ItR62n5K/Gq3WeSQdyhdbsuZJYV9z75bgJbFzp6x32v2yEPm6iWrg==",
      "requires": {
        "dompurify": "^2.3.1",
        "tui-code-snippet": "^1.5.0",
        "tui-date-picker": "^4.3.0",
        "tui-time-picker": "^2.1.4"
      }
    },
    "tui-code-snippet": {
      "version": "1.5.2",
      "resolved": "https://registry.npmjs.org/tui-code-snippet/-/tui-code-snippet-1.5.2.tgz",
      "integrity": "sha512-6UqTlQaaC1KLcmC0HAoq5dtl1G4Fib+R+NC7pmaV7kiIlZ7JqKhUmnOoGRcreAyzd81UTK/vCvhrw9QJskpCFQ=="
    },
    "tui-date-picker": {
      "version": "4.3.1",
      "resolved": "https://registry.npmjs.org/tui-date-picker/-/tui-date-picker-4.3.1.tgz",
      "integrity": "sha512-LMXdiM6cXau4NVw3/1T4ltaLk2PZAn2RbRtVUPN30Zg905t9Ab+OJ8EgeEgLVW9osvLuO9raW63l7YwiT50v6Q==",
      "requires": {
        "tui-time-picker": "^2.1.3"
      }
    },
    "tui-time-picker": {
      "version": "2.1.4",
      "resolved": "https://registry.npmjs.org/tui-time-picker/-/tui-time-picker-2.1.4.tgz",
      "integrity": "sha512-gqCasZgniE8slP83h3pUnSXyVWBBi7T+9gi0+RxB6ld6l2hgPuVax8o82ysz02pvQ5bEkfPP3sG1caeU+iH0Sw=="
    },
    "uglify-js": {
      "version": "1.3.5",
      "resolved": "https://registry.npmjs.org/uglify-js/-/uglify-js-1.3.5.tgz",
      "integrity": "sha1-S1v/+Rhu/7qoiOTJ6UvZ/EyUkp0="
    },
    "wordwrap": {
      "version": "0.0.3",
      "resolved": "https://registry.npmjs.org/wordwrap/-/wordwrap-0.0.3.tgz",
      "integrity": "sha1-o9XabNXAvAAI03I0u68b7WMFkQc="
    }
  }
}
